
Microsoft Visual Studio Solution File, Format Version 12.00
# Visual Studio Version 17
VisualStudioVersion = 17.5.33516.290
MinimumVisualStudioVersion = 10.0.40219.1
Project("{9A19103F-16F7-4668-BE54-9A1E7A4F7556}") = "Eppie.CLI", "Eppie.CLI\Eppie.CLI.csproj", "{559B68A1-D60F-4AEB-8B9E-B99D75D9237E}"
EndProject
Project("{2150E333-8FDC-42A3-9474-1A3956D46DE8}") = "Solution Items", "Solution Items", "{3D429895-DBB0-4DC1-BC73-375B6122873F}"
	ProjectSection(SolutionItems) = preProject
		.editorconfig = .editorconfig
	EndProjectSection
EndProject
Project("{2150E333-8FDC-42A3-9474-1A3956D46DE8}") = "Tuvi.Core", "Tuvi.Core", "{29DAA1F1-3E69-41F6-87BB-59E11FC69AE2}"
EndProject
Project("{9A19103F-16F7-4668-BE54-9A1E7A4F7556}") = "ComponentBuilder", "..\..\gitmodules\TuviCore\Sources\ComponentBuilder\ComponentBuilder.csproj", "{52C22936-6066-40F4-B678-DFBEC6381B7E}"
EndProject
Project("{9A19103F-16F7-4668-BE54-9A1E7A4F7556}") = "Tuvi.Core.Backup.Impl", "..\..\gitmodules\TuviCore\Sources\Tuvi.Core.Backup.Impl\Tuvi.Core.Backup.Impl.csproj", "{DDE71DF8-1F23-45DF-A60D-083B571FF6E5}"
EndProject
Project("{9A19103F-16F7-4668-BE54-9A1E7A4F7556}") = "Tuvi.Core.DataStorage.Impl", "..\..\gitmodules\TuviCore\Sources\Tuvi.Core.DataStorage.Impl\Tuvi.Core.DataStorage.Impl.csproj", "{F271BF62-F374-4DE5-81C3-880B10FF997A}"
EndProject
Project("{9A19103F-16F7-4668-BE54-9A1E7A4F7556}") = "Tuvi.Core.Impl", "..\..\gitmodules\TuviCore\Sources\Tuvi.Core.Impl\Tuvi.Core.Impl.csproj", "{6D9568FC-C903-4E13-BC63-CD5EC019B519}"
EndProject
Project("{9A19103F-16F7-4668-BE54-9A1E7A4F7556}") = "Tuvi.Core.Mail.Impl", "..\..\gitmodules\TuviCore\Sources\Tuvi.Core.Mail.Impl\Tuvi.Core.Mail.Impl.csproj", "{3E9A6682-5C93-4CE8-9428-E3263F652FEB}"
EndProject
Project("{9A19103F-16F7-4668-BE54-9A1E7A4F7556}") = "Tuvi.Proton.Impl", "..\..\gitmodules\TuviCore\Sources\Tuvi.Proton.Impl\Tuvi.Proton.Impl.csproj", "{67F1F237-2A24-4FA3-ABB0-2CDC8191530A}"
EndProject
Project("{9A19103F-16F7-4668-BE54-9A1E7A4F7556}") = "Tuvi.Core.Backup", "..\..\gitmodules\TuviCore\Sources\Tuvi.Core.Backup\Tuvi.Core.Backup.csproj", "{EEB0CD2E-5CE6-4EC2-90C0-0965550FA871}"
EndProject
Project("{9A19103F-16F7-4668-BE54-9A1E7A4F7556}") = "Tuvi.Core.Entities", "..\..\gitmodules\TuviCore\Sources\Tuvi.Core.Entities\Tuvi.Core.Entities.csproj", "{8581E86D-731F-4840-A048-159D131FA3B6}"
EndProject
Project("{9A19103F-16F7-4668-BE54-9A1E7A4F7556}") = "Tuvi.Core.DataStorage", "..\..\gitmodules\TuviCore\Sources\Tuvi.Core.DataStorage\Tuvi.Core.DataStorage.csproj", "{AB0DFE18-FC87-4404-85EE-C566F40D1A60}"
EndProject
Project("{9A19103F-16F7-4668-BE54-9A1E7A4F7556}") = "Tuvi.Proton", "..\..\gitmodules\TuviCore\Sources\Tuvi.Proton\Tuvi.Proton.csproj", "{4D692E3A-7001-43E7-90E6-838DD5FDA129}"
EndProject
Project("{9A19103F-16F7-4668-BE54-9A1E7A4F7556}") = "Tuvi.Core.Mail", "..\..\gitmodules\TuviCore\Sources\Tuvi.Core.Mail\Tuvi.Core.Mail.csproj", "{26A64330-D29C-4AE9-97D3-7D897EEC6B8F}"
EndProject
Project("{9A19103F-16F7-4668-BE54-9A1E7A4F7556}") = "Tuvi.Core.Web.BackupService", "..\..\gitmodules\TuviCore\Sources\Tuvi.Core.Web.BackupService\Tuvi.Core.Web.BackupService.csproj", "{EEAAB6CD-295A-493A-9BB9-4C0DDC52E10C}"
EndProject
Project("{9A19103F-16F7-4668-BE54-9A1E7A4F7556}") = "Tuvi.Core.Web.BackupServiceClient", "..\..\gitmodules\TuviCore\Sources\Tuvi.Core.Web.BackupServiceClient\Tuvi.Core.Web.BackupServiceClient.csproj", "{E11DA64E-21C4-4CD7-9360-52C20E427C94}"
EndProject
Project("{2150E333-8FDC-42A3-9474-1A3956D46DE8}") = "PGP", "PGP", "{BEC493B9-403C-42E6-8D63-2A3AA8B7AF08}"
EndProject
Project("{9A19103F-16F7-4668-BE54-9A1E7A4F7556}") = "TuviPgpLib", "..\..\gitmodules\TuviCore\gitmodules\TuviPgpLib\TuviPgpLib\TuviPgpLib.csproj", "{6F280C83-7179-43F8-8424-1B3951175586}"
EndProject
Project("{9A19103F-16F7-4668-BE54-9A1E7A4F7556}") = "TuviPgpLibImpl", "..\..\gitmodules\TuviCore\gitmodules\TuviPgpLib\TuviPgpLibImpl\TuviPgpLibImpl.csproj", "{1467865C-C979-448C-AC13-13DE39ED33C2}"
EndProject
Project("{2150E333-8FDC-42A3-9474-1A3956D46DE8}") = "Crypto", "Crypto", "{BA88B941-51E7-4D68-8704-1BF1F75FD764}"
EndProject
Project("{9A19103F-16F7-4668-BE54-9A1E7A4F7556}") = "KeyDerivationLib", "..\..\gitmodules\TuviCore\gitmodules\TuviPgpLib\gitmodules\TuviKeyDerivationLib\KeyDerivationLib\KeyDerivationLib.csproj", "{A4F565FD-E8CB-4DDD-ACDC-6161AA68F031}"
EndProject
Project("{9A19103F-16F7-4668-BE54-9A1E7A4F7556}") = "KeyDerivation", "..\..\gitmodules\TuviCore\gitmodules\TuviPgpLib\gitmodules\TuviKeyDerivationLib\KeyDerivationInterface\KeyDerivation.csproj", "{A0D6B494-2F59-4CCD-8C2E-F35AC8137C72}"
EndProject
Project("{2150E333-8FDC-42A3-9474-1A3956D46DE8}") = "Proton", "Proton", "{2DC52A53-9ABE-414C-AE17-99EB9F070532}"
EndProject
Project("{9A19103F-16F7-4668-BE54-9A1E7A4F7556}") = "proton-cs-client", "..\..\gitmodules\TuviCore\gitmodules\proton-cs-client\source\proton-cs-client\proton-cs-client.csproj", "{2345CD17-7EC0-44D9-92B6-8F5878799A62}"
EndProject
Project("{9A19103F-16F7-4668-BE54-9A1E7A4F7556}") = "TuviAuthProtonLib", "..\..\gitmodules\TuviCore\gitmodules\proton-cs-client\gitmodules\TuviAuthProtonLib\source\TuviAuthProtonLib\TuviAuthProtonLib.csproj", "{B5015814-BE20-4805-BA79-55404EC60676}"
EndProject
Project("{9A19103F-16F7-4668-BE54-9A1E7A4F7556}") = "TuviProtonPrimitiveLib", "..\..\gitmodules\TuviCore\gitmodules\proton-cs-client\gitmodules\TuviAuthProtonLib\source\TuviProtonPrimitiveLib\TuviProtonPrimitiveLib.csproj", "{22F670E7-7512-4F5F-9304-FF02FF616641}"
EndProject
Project("{9A19103F-16F7-4668-BE54-9A1E7A4F7556}") = "TuviRestClientLib", "..\..\gitmodules\TuviCore\gitmodules\proton-cs-client\gitmodules\TuviAuthProtonLib\gitmodules\TuviRestClientLib\source\TuviRestClientLib\TuviRestClientLib.csproj", "{2E653C2F-106A-42BB-86B0-03513A6D6136}"
EndProject
Project("{9A19103F-16F7-4668-BE54-9A1E7A4F7556}") = "TuviSRPLib", "..\..\gitmodules\TuviCore\gitmodules\proton-cs-client\gitmodules\TuviAuthProtonLib\gitmodules\TuviSRPLib\TuviSRPLib\TuviSRPLib\TuviSRPLib.csproj", "{7450999F-446F-46B8-94BD-8D89EA666CF2}"
EndProject
Project("{9A19103F-16F7-4668-BE54-9A1E7A4F7556}") = "ProtonBase64Lib", "..\..\gitmodules\TuviCore\gitmodules\proton-cs-client\gitmodules\TuviAuthProtonLib\gitmodules\TuviSRPLib\TuviSRPLib\ProtonBase64Lib\ProtonBase64Lib.csproj", "{99B29776-C650-4327-872D-BE98EF5F4BD5}"
EndProject
Project("{2150E333-8FDC-42A3-9474-1A3956D46DE8}") = "Addresses", "Addresses", "{D0DB5DB7-DF3E-4386-9CB8-C1F54C89F0F5}"
EndProject
Project("{9A19103F-16F7-4668-BE54-9A1E7A4F7556}") = "TuviBase32EConverterLib", "..\..\gitmodules\TuviCore\gitmodules\TuviBase32EConverterLib\TuviBytesToEmailConverterLib\TuviBase32EConverterLib\TuviBase32EConverterLib.csproj", "{98899853-D5FB-4690-A49C-4CD1AF0F282E}"
EndProject
Project("{9A19103F-16F7-4668-BE54-9A1E7A4F7556}") = "Tuvi.Core", "..\..\gitmodules\TuviCore\Sources\Tuvi.Core\Tuvi.Core.csproj", "{5F1BCED7-DF65-42ED-8283-2F364D95632F}"
EndProject
Project("{9A19103F-16F7-4668-BE54-9A1E7A4F7556}") = "Tuvi.Core.Logging", "..\..\gitmodules\TuviCore\Sources\Tuvi.Core.Logging\Tuvi.Core.Logging.csproj", "{4FD3F5D8-4B06-493E-93B9-E747EB5CD501}"
EndProject
Project("{9A19103F-16F7-4668-BE54-9A1E7A4F7556}") = "Tuvi.Core.Dec", "..\..\gitmodules\TuviCore\Sources\Tuvi.Core.Dec\Tuvi.Core.Dec.csproj", "{EF796813-7AA5-44E6-80AD-8639C73F5B89}"
EndProject
Project("{9A19103F-16F7-4668-BE54-9A1E7A4F7556}") = "Tuvi.Core.Dec.Web.Impl", "..\..\gitmodules\TuviCore\Sources\Tuvi.Core.Dec.Web.Impl\Tuvi.Core.Dec.Web.Impl.csproj", "{880A9189-3029-4E62-BBC6-167EC9A53BBE}"
EndProject
Project("{2150E333-8FDC-42A3-9474-1A3956D46DE8}") = "Toolkits", "Toolkits", "{24A7F842-B7CD-4579-94C2-F17B01E9263C}"
EndProject
Project("{9A19103F-16F7-4668-BE54-9A1E7A4F7556}") = "console-toolkit", "..\..\gitmodules\console-toolkit\source\console-toolkit\console-toolkit.csproj", "{85AACD14-0FF0-4043-8AA0-F29FE2651191}"
EndProject
Project("{FAE04EC0-301F-11D3-BF4B-00C04F79EFBC}") = "Tuvi.Core.Dec.Bitcoin", "..\..\gitmodules\TuviCore\Sources\Tuvi.Core.Dec.Bitcoin\Tuvi.Core.Dec.Bitcoin.csproj", "{F2B0DFEF-98F4-D9C0-575C-966221CA4F12}"
EndProject
Project("{FAE04EC0-301F-11D3-BF4B-00C04F79EFBC}") = "Tuvi.Core.Dec.Impl", "..\..\gitmodules\TuviCore\Sources\Tuvi.Core.Dec.Impl\Tuvi.Core.Dec.Impl.csproj", "{B34E82B2-B9CD-FCA0-9B47-F94A54300D5E}"
EndProject
Project("{FAE04EC0-301F-11D3-BF4B-00C04F79EFBC}") = "Tuvi.Core.Dec.Ethereum", "..\..\gitmodules\TuviCore\Sources\Tuvi.Core.Dec.Ethereum\Tuvi.Core.Dec.Ethereum.csproj", "{4278EEF1-9839-CDB1-AC69-5E45FD1263D3}"
EndProject
Global
	GlobalSection(SolutionConfigurationPlatforms) = preSolution
		Debug|Any CPU = Debug|Any CPU
		Release|Any CPU = Release|Any CPU
	EndGlobalSection
	GlobalSection(ProjectConfigurationPlatforms) = postSolution
		{559B68A1-D60F-4AEB-8B9E-B99D75D9237E}.Debug|Any CPU.ActiveCfg = Debug|Any CPU
		{559B68A1-D60F-4AEB-8B9E-B99D75D9237E}.Debug|Any CPU.Build.0 = Debug|Any CPU
		{559B68A1-D60F-4AEB-8B9E-B99D75D9237E}.Release|Any CPU.ActiveCfg = Release|Any CPU
		{559B68A1-D60F-4AEB-8B9E-B99D75D9237E}.Release|Any CPU.Build.0 = Release|Any CPU
		{52C22936-6066-40F4-B678-DFBEC6381B7E}.Debug|Any CPU.ActiveCfg = Debug|Any CPU
		{52C22936-6066-40F4-B678-DFBEC6381B7E}.Debug|Any CPU.Build.0 = Debug|Any CPU
		{52C22936-6066-40F4-B678-DFBEC6381B7E}.Release|Any CPU.ActiveCfg = Release|Any CPU
		{52C22936-6066-40F4-B678-DFBEC6381B7E}.Release|Any CPU.Build.0 = Release|Any CPU
		{DDE71DF8-1F23-45DF-A60D-083B571FF6E5}.Debug|Any CPU.ActiveCfg = Debug|Any CPU
		{DDE71DF8-1F23-45DF-A60D-083B571FF6E5}.Debug|Any CPU.Build.0 = Debug|Any CPU
		{DDE71DF8-1F23-45DF-A60D-083B571FF6E5}.Release|Any CPU.ActiveCfg = Release|Any CPU
		{DDE71DF8-1F23-45DF-A60D-083B571FF6E5}.Release|Any CPU.Build.0 = Release|Any CPU
		{F271BF62-F374-4DE5-81C3-880B10FF997A}.Debug|Any CPU.ActiveCfg = Debug|Any CPU
		{F271BF62-F374-4DE5-81C3-880B10FF997A}.Debug|Any CPU.Build.0 = Debug|Any CPU
		{F271BF62-F374-4DE5-81C3-880B10FF997A}.Release|Any CPU.ActiveCfg = Release|Any CPU
		{F271BF62-F374-4DE5-81C3-880B10FF997A}.Release|Any CPU.Build.0 = Release|Any CPU
		{6D9568FC-C903-4E13-BC63-CD5EC019B519}.Debug|Any CPU.ActiveCfg = Debug|Any CPU
		{6D9568FC-C903-4E13-BC63-CD5EC019B519}.Debug|Any CPU.Build.0 = Debug|Any CPU
		{6D9568FC-C903-4E13-BC63-CD5EC019B519}.Release|Any CPU.ActiveCfg = Release|Any CPU
		{6D9568FC-C903-4E13-BC63-CD5EC019B519}.Release|Any CPU.Build.0 = Release|Any CPU
		{3E9A6682-5C93-4CE8-9428-E3263F652FEB}.Debug|Any CPU.ActiveCfg = Debug|Any CPU
		{3E9A6682-5C93-4CE8-9428-E3263F652FEB}.Debug|Any CPU.Build.0 = Debug|Any CPU
		{3E9A6682-5C93-4CE8-9428-E3263F652FEB}.Release|Any CPU.ActiveCfg = Release|Any CPU
		{3E9A6682-5C93-4CE8-9428-E3263F652FEB}.Release|Any CPU.Build.0 = Release|Any CPU
		{67F1F237-2A24-4FA3-ABB0-2CDC8191530A}.Debug|Any CPU.ActiveCfg = Debug|Any CPU
		{67F1F237-2A24-4FA3-ABB0-2CDC8191530A}.Debug|Any CPU.Build.0 = Debug|Any CPU
		{67F1F237-2A24-4FA3-ABB0-2CDC8191530A}.Release|Any CPU.ActiveCfg = Release|Any CPU
		{67F1F237-2A24-4FA3-ABB0-2CDC8191530A}.Release|Any CPU.Build.0 = Release|Any CPU
		{EEB0CD2E-5CE6-4EC2-90C0-0965550FA871}.Debug|Any CPU.ActiveCfg = Debug|Any CPU
		{EEB0CD2E-5CE6-4EC2-90C0-0965550FA871}.Debug|Any CPU.Build.0 = Debug|Any CPU
		{EEB0CD2E-5CE6-4EC2-90C0-0965550FA871}.Release|Any CPU.ActiveCfg = Release|Any CPU
		{EEB0CD2E-5CE6-4EC2-90C0-0965550FA871}.Release|Any CPU.Build.0 = Release|Any CPU
		{8581E86D-731F-4840-A048-159D131FA3B6}.Debug|Any CPU.ActiveCfg = Debug|Any CPU
		{8581E86D-731F-4840-A048-159D131FA3B6}.Debug|Any CPU.Build.0 = Debug|Any CPU
		{8581E86D-731F-4840-A048-159D131FA3B6}.Release|Any CPU.ActiveCfg = Release|Any CPU
		{8581E86D-731F-4840-A048-159D131FA3B6}.Release|Any CPU.Build.0 = Release|Any CPU
		{AB0DFE18-FC87-4404-85EE-C566F40D1A60}.Debug|Any CPU.ActiveCfg = Debug|Any CPU
		{AB0DFE18-FC87-4404-85EE-C566F40D1A60}.Debug|Any CPU.Build.0 = Debug|Any CPU
		{AB0DFE18-FC87-4404-85EE-C566F40D1A60}.Release|Any CPU.ActiveCfg = Release|Any CPU
		{AB0DFE18-FC87-4404-85EE-C566F40D1A60}.Release|Any CPU.Build.0 = Release|Any CPU
		{4D692E3A-7001-43E7-90E6-838DD5FDA129}.Debug|Any CPU.ActiveCfg = Debug|Any CPU
		{4D692E3A-7001-43E7-90E6-838DD5FDA129}.Debug|Any CPU.Build.0 = Debug|Any CPU
		{4D692E3A-7001-43E7-90E6-838DD5FDA129}.Release|Any CPU.ActiveCfg = Release|Any CPU
		{4D692E3A-7001-43E7-90E6-838DD5FDA129}.Release|Any CPU.Build.0 = Release|Any CPU
		{26A64330-D29C-4AE9-97D3-7D897EEC6B8F}.Debug|Any CPU.ActiveCfg = Debug|Any CPU
		{26A64330-D29C-4AE9-97D3-7D897EEC6B8F}.Debug|Any CPU.Build.0 = Debug|Any CPU
		{26A64330-D29C-4AE9-97D3-7D897EEC6B8F}.Release|Any CPU.ActiveCfg = Release|Any CPU
		{26A64330-D29C-4AE9-97D3-7D897EEC6B8F}.Release|Any CPU.Build.0 = Release|Any CPU
		{EEAAB6CD-295A-493A-9BB9-4C0DDC52E10C}.Debug|Any CPU.ActiveCfg = Debug|Any CPU
		{EEAAB6CD-295A-493A-9BB9-4C0DDC52E10C}.Debug|Any CPU.Build.0 = Debug|Any CPU
		{EEAAB6CD-295A-493A-9BB9-4C0DDC52E10C}.Release|Any CPU.ActiveCfg = Release|Any CPU
		{EEAAB6CD-295A-493A-9BB9-4C0DDC52E10C}.Release|Any CPU.Build.0 = Release|Any CPU
		{E11DA64E-21C4-4CD7-9360-52C20E427C94}.Debug|Any CPU.ActiveCfg = Debug|Any CPU
		{E11DA64E-21C4-4CD7-9360-52C20E427C94}.Debug|Any CPU.Build.0 = Debug|Any CPU
		{E11DA64E-21C4-4CD7-9360-52C20E427C94}.Release|Any CPU.ActiveCfg = Release|Any CPU
		{E11DA64E-21C4-4CD7-9360-52C20E427C94}.Release|Any CPU.Build.0 = Release|Any CPU
		{6F280C83-7179-43F8-8424-1B3951175586}.Debug|Any CPU.ActiveCfg = Debug|Any CPU
		{6F280C83-7179-43F8-8424-1B3951175586}.Debug|Any CPU.Build.0 = Debug|Any CPU
		{6F280C83-7179-43F8-8424-1B3951175586}.Release|Any CPU.ActiveCfg = Release|Any CPU
		{6F280C83-7179-43F8-8424-1B3951175586}.Release|Any CPU.Build.0 = Release|Any CPU
		{1467865C-C979-448C-AC13-13DE39ED33C2}.Debug|Any CPU.ActiveCfg = Debug|Any CPU
		{1467865C-C979-448C-AC13-13DE39ED33C2}.Debug|Any CPU.Build.0 = Debug|Any CPU
		{1467865C-C979-448C-AC13-13DE39ED33C2}.Release|Any CPU.ActiveCfg = Release|Any CPU
		{1467865C-C979-448C-AC13-13DE39ED33C2}.Release|Any CPU.Build.0 = Release|Any CPU
		{A4F565FD-E8CB-4DDD-ACDC-6161AA68F031}.Debug|Any CPU.ActiveCfg = Debug|Any CPU
		{A4F565FD-E8CB-4DDD-ACDC-6161AA68F031}.Debug|Any CPU.Build.0 = Debug|Any CPU
		{A4F565FD-E8CB-4DDD-ACDC-6161AA68F031}.Release|Any CPU.ActiveCfg = Release|Any CPU
		{A4F565FD-E8CB-4DDD-ACDC-6161AA68F031}.Release|Any CPU.Build.0 = Release|Any CPU
		{A0D6B494-2F59-4CCD-8C2E-F35AC8137C72}.Debug|Any CPU.ActiveCfg = Debug|Any CPU
		{A0D6B494-2F59-4CCD-8C2E-F35AC8137C72}.Debug|Any CPU.Build.0 = Debug|Any CPU
		{A0D6B494-2F59-4CCD-8C2E-F35AC8137C72}.Release|Any CPU.ActiveCfg = Release|Any CPU
		{A0D6B494-2F59-4CCD-8C2E-F35AC8137C72}.Release|Any CPU.Build.0 = Release|Any CPU
		{2345CD17-7EC0-44D9-92B6-8F5878799A62}.Debug|Any CPU.ActiveCfg = Debug|Any CPU
		{2345CD17-7EC0-44D9-92B6-8F5878799A62}.Debug|Any CPU.Build.0 = Debug|Any CPU
		{2345CD17-7EC0-44D9-92B6-8F5878799A62}.Release|Any CPU.ActiveCfg = Release|Any CPU
		{2345CD17-7EC0-44D9-92B6-8F5878799A62}.Release|Any CPU.Build.0 = Release|Any CPU
		{B5015814-BE20-4805-BA79-55404EC60676}.Debug|Any CPU.ActiveCfg = Debug|Any CPU
		{B5015814-BE20-4805-BA79-55404EC60676}.Debug|Any CPU.Build.0 = Debug|Any CPU
		{B5015814-BE20-4805-BA79-55404EC60676}.Release|Any CPU.ActiveCfg = Release|Any CPU
		{B5015814-BE20-4805-BA79-55404EC60676}.Release|Any CPU.Build.0 = Release|Any CPU
		{22F670E7-7512-4F5F-9304-FF02FF616641}.Debug|Any CPU.ActiveCfg = Debug|Any CPU
		{22F670E7-7512-4F5F-9304-FF02FF616641}.Debug|Any CPU.Build.0 = Debug|Any CPU
		{22F670E7-7512-4F5F-9304-FF02FF616641}.Release|Any CPU.ActiveCfg = Release|Any CPU
		{22F670E7-7512-4F5F-9304-FF02FF616641}.Release|Any CPU.Build.0 = Release|Any CPU
		{2E653C2F-106A-42BB-86B0-03513A6D6136}.Debug|Any CPU.ActiveCfg = Debug|Any CPU
		{2E653C2F-106A-42BB-86B0-03513A6D6136}.Debug|Any CPU.Build.0 = Debug|Any CPU
		{2E653C2F-106A-42BB-86B0-03513A6D6136}.Release|Any CPU.ActiveCfg = Release|Any CPU
		{2E653C2F-106A-42BB-86B0-03513A6D6136}.Release|Any CPU.Build.0 = Release|Any CPU
		{7450999F-446F-46B8-94BD-8D89EA666CF2}.Debug|Any CPU.ActiveCfg = Debug|Any CPU
		{7450999F-446F-46B8-94BD-8D89EA666CF2}.Debug|Any CPU.Build.0 = Debug|Any CPU
		{7450999F-446F-46B8-94BD-8D89EA666CF2}.Release|Any CPU.ActiveCfg = Release|Any CPU
		{7450999F-446F-46B8-94BD-8D89EA666CF2}.Release|Any CPU.Build.0 = Release|Any CPU
		{99B29776-C650-4327-872D-BE98EF5F4BD5}.Debug|Any CPU.ActiveCfg = Debug|Any CPU
		{99B29776-C650-4327-872D-BE98EF5F4BD5}.Debug|Any CPU.Build.0 = Debug|Any CPU
		{99B29776-C650-4327-872D-BE98EF5F4BD5}.Release|Any CPU.ActiveCfg = Release|Any CPU
		{99B29776-C650-4327-872D-BE98EF5F4BD5}.Release|Any CPU.Build.0 = Release|Any CPU
		{98899853-D5FB-4690-A49C-4CD1AF0F282E}.Debug|Any CPU.ActiveCfg = Debug|Any CPU
		{98899853-D5FB-4690-A49C-4CD1AF0F282E}.Debug|Any CPU.Build.0 = Debug|Any CPU
		{98899853-D5FB-4690-A49C-4CD1AF0F282E}.Release|Any CPU.ActiveCfg = Release|Any CPU
		{98899853-D5FB-4690-A49C-4CD1AF0F282E}.Release|Any CPU.Build.0 = Release|Any CPU
		{5F1BCED7-DF65-42ED-8283-2F364D95632F}.Debug|Any CPU.ActiveCfg = Debug|Any CPU
		{5F1BCED7-DF65-42ED-8283-2F364D95632F}.Debug|Any CPU.Build.0 = Debug|Any CPU
		{5F1BCED7-DF65-42ED-8283-2F364D95632F}.Release|Any CPU.ActiveCfg = Release|Any CPU
		{5F1BCED7-DF65-42ED-8283-2F364D95632F}.Release|Any CPU.Build.0 = Release|Any CPU
		{4FD3F5D8-4B06-493E-93B9-E747EB5CD501}.Debug|Any CPU.ActiveCfg = Debug|Any CPU
		{4FD3F5D8-4B06-493E-93B9-E747EB5CD501}.Debug|Any CPU.Build.0 = Debug|Any CPU
		{4FD3F5D8-4B06-493E-93B9-E747EB5CD501}.Release|Any CPU.ActiveCfg = Release|Any CPU
		{4FD3F5D8-4B06-493E-93B9-E747EB5CD501}.Release|Any CPU.Build.0 = Release|Any CPU
		{EF796813-7AA5-44E6-80AD-8639C73F5B89}.Debug|Any CPU.ActiveCfg = Debug|Any CPU
		{EF796813-7AA5-44E6-80AD-8639C73F5B89}.Debug|Any CPU.Build.0 = Debug|Any CPU
		{EF796813-7AA5-44E6-80AD-8639C73F5B89}.Release|Any CPU.ActiveCfg = Release|Any CPU
		{EF796813-7AA5-44E6-80AD-8639C73F5B89}.Release|Any CPU.Build.0 = Release|Any CPU
		{880A9189-3029-4E62-BBC6-167EC9A53BBE}.Debug|Any CPU.ActiveCfg = Debug|Any CPU
		{880A9189-3029-4E62-BBC6-167EC9A53BBE}.Debug|Any CPU.Build.0 = Debug|Any CPU
		{880A9189-3029-4E62-BBC6-167EC9A53BBE}.Release|Any CPU.ActiveCfg = Release|Any CPU
		{880A9189-3029-4E62-BBC6-167EC9A53BBE}.Release|Any CPU.Build.0 = Release|Any CPU
		{85AACD14-0FF0-4043-8AA0-F29FE2651191}.Debug|Any CPU.ActiveCfg = Debug|Any CPU
		{85AACD14-0FF0-4043-8AA0-F29FE2651191}.Debug|Any CPU.Build.0 = Debug|Any CPU
		{85AACD14-0FF0-4043-8AA0-F29FE2651191}.Release|Any CPU.ActiveCfg = Release|Any CPU
		{85AACD14-0FF0-4043-8AA0-F29FE2651191}.Release|Any CPU.Build.0 = Release|Any CPU
		{F2B0DFEF-98F4-D9C0-575C-966221CA4F12}.Debug|Any CPU.ActiveCfg = Debug|Any CPU
		{F2B0DFEF-98F4-D9C0-575C-966221CA4F12}.Debug|Any CPU.Build.0 = Debug|Any CPU
		{F2B0DFEF-98F4-D9C0-575C-966221CA4F12}.Release|Any CPU.ActiveCfg = Release|Any CPU
		{F2B0DFEF-98F4-D9C0-575C-966221CA4F12}.Release|Any CPU.Build.0 = Release|Any CPU
		{B34E82B2-B9CD-FCA0-9B47-F94A54300D5E}.Debug|Any CPU.ActiveCfg = Debug|Any CPU
		{B34E82B2-B9CD-FCA0-9B47-F94A54300D5E}.Debug|Any CPU.Build.0 = Debug|Any CPU
		{B34E82B2-B9CD-FCA0-9B47-F94A54300D5E}.Release|Any CPU.ActiveCfg = Release|Any CPU
		{B34E82B2-B9CD-FCA0-9B47-F94A54300D5E}.Release|Any CPU.Build.0 = Release|Any CPU
		{4278EEF1-9839-CDB1-AC69-5E45FD1263D3}.Debug|Any CPU.ActiveCfg = Debug|Any CPU
		{4278EEF1-9839-CDB1-AC69-5E45FD1263D3}.Debug|Any CPU.Build.0 = Debug|Any CPU
		{4278EEF1-9839-CDB1-AC69-5E45FD1263D3}.Release|Any CPU.ActiveCfg = Release|Any CPU
		{4278EEF1-9839-CDB1-AC69-5E45FD1263D3}.Release|Any CPU.Build.0 = Release|Any CPU
	EndGlobalSection
	GlobalSection(SolutionProperties) = preSolution
		HideSolutionNode = FALSE
	EndGlobalSection
	GlobalSection(NestedProjects) = preSolution
		{52C22936-6066-40F4-B678-DFBEC6381B7E} = {29DAA1F1-3E69-41F6-87BB-59E11FC69AE2}
		{DDE71DF8-1F23-45DF-A60D-083B571FF6E5} = {29DAA1F1-3E69-41F6-87BB-59E11FC69AE2}
		{F271BF62-F374-4DE5-81C3-880B10FF997A} = {29DAA1F1-3E69-41F6-87BB-59E11FC69AE2}
		{6D9568FC-C903-4E13-BC63-CD5EC019B519} = {29DAA1F1-3E69-41F6-87BB-59E11FC69AE2}
		{3E9A6682-5C93-4CE8-9428-E3263F652FEB} = {29DAA1F1-3E69-41F6-87BB-59E11FC69AE2}
		{67F1F237-2A24-4FA3-ABB0-2CDC8191530A} = {29DAA1F1-3E69-41F6-87BB-59E11FC69AE2}
		{EEB0CD2E-5CE6-4EC2-90C0-0965550FA871} = {29DAA1F1-3E69-41F6-87BB-59E11FC69AE2}
		{8581E86D-731F-4840-A048-159D131FA3B6} = {29DAA1F1-3E69-41F6-87BB-59E11FC69AE2}
		{AB0DFE18-FC87-4404-85EE-C566F40D1A60} = {29DAA1F1-3E69-41F6-87BB-59E11FC69AE2}
		{4D692E3A-7001-43E7-90E6-838DD5FDA129} = {29DAA1F1-3E69-41F6-87BB-59E11FC69AE2}
		{26A64330-D29C-4AE9-97D3-7D897EEC6B8F} = {29DAA1F1-3E69-41F6-87BB-59E11FC69AE2}
		{EEAAB6CD-295A-493A-9BB9-4C0DDC52E10C} = {29DAA1F1-3E69-41F6-87BB-59E11FC69AE2}
		{E11DA64E-21C4-4CD7-9360-52C20E427C94} = {29DAA1F1-3E69-41F6-87BB-59E11FC69AE2}
		{6F280C83-7179-43F8-8424-1B3951175586} = {BEC493B9-403C-42E6-8D63-2A3AA8B7AF08}
		{1467865C-C979-448C-AC13-13DE39ED33C2} = {BEC493B9-403C-42E6-8D63-2A3AA8B7AF08}
		{A4F565FD-E8CB-4DDD-ACDC-6161AA68F031} = {BA88B941-51E7-4D68-8704-1BF1F75FD764}
		{A0D6B494-2F59-4CCD-8C2E-F35AC8137C72} = {BA88B941-51E7-4D68-8704-1BF1F75FD764}
		{2345CD17-7EC0-44D9-92B6-8F5878799A62} = {2DC52A53-9ABE-414C-AE17-99EB9F070532}
		{B5015814-BE20-4805-BA79-55404EC60676} = {2DC52A53-9ABE-414C-AE17-99EB9F070532}
		{22F670E7-7512-4F5F-9304-FF02FF616641} = {2DC52A53-9ABE-414C-AE17-99EB9F070532}
		{2E653C2F-106A-42BB-86B0-03513A6D6136} = {2DC52A53-9ABE-414C-AE17-99EB9F070532}
		{7450999F-446F-46B8-94BD-8D89EA666CF2} = {2DC52A53-9ABE-414C-AE17-99EB9F070532}
		{99B29776-C650-4327-872D-BE98EF5F4BD5} = {2DC52A53-9ABE-414C-AE17-99EB9F070532}
		{98899853-D5FB-4690-A49C-4CD1AF0F282E} = {D0DB5DB7-DF3E-4386-9CB8-C1F54C89F0F5}
		{5F1BCED7-DF65-42ED-8283-2F364D95632F} = {29DAA1F1-3E69-41F6-87BB-59E11FC69AE2}
		{4FD3F5D8-4B06-493E-93B9-E747EB5CD501} = {29DAA1F1-3E69-41F6-87BB-59E11FC69AE2}
		{EF796813-7AA5-44E6-80AD-8639C73F5B89} = {29DAA1F1-3E69-41F6-87BB-59E11FC69AE2}
		{880A9189-3029-4E62-BBC6-167EC9A53BBE} = {29DAA1F1-3E69-41F6-87BB-59E11FC69AE2}
		{85AACD14-0FF0-4043-8AA0-F29FE2651191} = {24A7F842-B7CD-4579-94C2-F17B01E9263C}
		{F2B0DFEF-98F4-D9C0-575C-966221CA4F12} = {29DAA1F1-3E69-41F6-87BB-59E11FC69AE2}
		{B34E82B2-B9CD-FCA0-9B47-F94A54300D5E} = {29DAA1F1-3E69-41F6-87BB-59E11FC69AE2}
		{4278EEF1-9839-CDB1-AC69-5E45FD1263D3} = {29DAA1F1-3E69-41F6-87BB-59E11FC69AE2}
	EndGlobalSection
	GlobalSection(ExtensibilityGlobals) = postSolution
		SolutionGuid = {5BB09B35-0735-4BAD-AC4E-C3556F3B72D1}
	EndGlobalSection
EndGlobal
