
Microsoft Visual Studio Solution File, Format Version 12.00
# Visual Studio Version 17
VisualStudioVersion = 17.5.33516.290
MinimumVisualStudioVersion = 10.0.40219.1
Project("{FAE04EC0-301F-11D3-BF4B-00C04F79EFBC}") = "Eppie.CLI", "Eppie.CLI\Eppie.CLI.csproj", "{559B68A1-D60F-4AEB-8B9E-B99D75D9237E}"
EndProject
Global
	GlobalSection(SolutionConfigurationPlatforms) = preSolution
		Debug|Any CPU = Debug|Any CPU
		Release|Any CPU = Release|Any CPU
	EndGlobalSection
	GlobalSection(ProjectConfigurationPlatforms) = postSolution
		{559B68A1-D60F-4AEB-8B9E-B99D75D9237E}.Debug|Any CPU.ActiveCfg = Debug|Any CPU
		{559B68A1-D60F-4AEB-8B9E-B99D75D9237E}.Debug|Any CPU.Build.0 = Debug|Any CPU
		{559B68A1-D60F-4AEB-8B9E-B99D75D9237E}.Release|Any CPU.ActiveCfg = Release|Any CPU
		{559B68A1-D60F-4AEB-8B9E-B99D75D9237E}.Release|Any CPU.Build.0 = Release|Any CPU
	EndGlobalSection
	GlobalSection(SolutionProperties) = preSolution
		HideSolutionNode = FALSE
	EndGlobalSection
	GlobalSection(ExtensibilityGlobals) = postSolution
		SolutionGuid = {5BB09B35-0735-4BAD-AC4E-C3556F3B72D1}
	EndGlobalSection
EndGlobal
